
Microsoft Visual Studio Solution File, Format Version 12.00
# Visual Studio 15
VisualStudioVersion = 15.0.28307.168
MinimumVisualStudioVersion = 10.0.40219.1
Project("{FAE04EC0-301F-11D3-BF4B-00C04F79EFBC}") = "ConsoleApp3", "ConsoleApp3\ConsoleApp3.csproj", "{49D065A1-278A-4550-9190-C70E5FC3F281}"
EndProject
Project("{FAE04EC0-301F-11D3-BF4B-00C04F79EFBC}") = "UnitTestProject1", "UnitTestProject1\UnitTestProject1.csproj", "{6D47767B-7119-42AB-8AB2-1E79E5C33D63}"
EndProject
Global
	GlobalSection(SolutionConfigurationPlatforms) = preSolution
		Debug|Any CPU = Debug|Any CPU
		Release|Any CPU = Release|Any CPU
	EndGlobalSection
	GlobalSection(ProjectConfigurationPlatforms) = postSolution
		{49D065A1-278A-4550-9190-C70E5FC3F281}.Debug|Any CPU.ActiveCfg = Debug|Any CPU
		{49D065A1-278A-4550-9190-C70E5FC3F281}.Debug|Any CPU.Build.0 = Debug|Any CPU
		{49D065A1-278A-4550-9190-C70E5FC3F281}.Release|Any CPU.ActiveCfg = Release|Any CPU
		{49D065A1-278A-4550-9190-C70E5FC3F281}.Release|Any CPU.Build.0 = Release|Any CPU
		{6D47767B-7119-42AB-8AB2-1E79E5C33D63}.Debug|Any CPU.ActiveCfg = Debug|Any CPU
		{6D47767B-7119-42AB-8AB2-1E79E5C33D63}.Debug|Any CPU.Build.0 = Debug|Any CPU
		{6D47767B-7119-42AB-8AB2-1E79E5C33D63}.Release|Any CPU.ActiveCfg = Release|Any CPU
		{6D47767B-7119-42AB-8AB2-1E79E5C33D63}.Release|Any CPU.Build.0 = Release|Any CPU
	EndGlobalSection
	GlobalSection(SolutionProperties) = preSolution
		HideSolutionNode = FALSE
	EndGlobalSection
	GlobalSection(ExtensibilityGlobals) = postSolution
		SolutionGuid = {40D927F1-05F8-45D2-A550-B893F4093141}
	EndGlobalSection
EndGlobal
