
Microsoft Visual Studio Solution File, Format Version 12.00
# Visual Studio Version 16
VisualStudioVersion = 16.0.29230.47
MinimumVisualStudioVersion = 10.0.40219.1
Project("{FAE04EC0-301F-11D3-BF4B-00C04F79EFBC}") = "Task6", "Task6\Task6.csproj", "{C0D1DE7D-4864-4DF1-9107-844003EDFD3B}"
EndProject
Global
	GlobalSection(SolutionConfigurationPlatforms) = preSolution
		Debug|Any CPU = Debug|Any CPU
		Release|Any CPU = Release|Any CPU
	EndGlobalSection
	GlobalSection(ProjectConfigurationPlatforms) = postSolution
		{C0D1DE7D-4864-4DF1-9107-844003EDFD3B}.Debug|Any CPU.ActiveCfg = Debug|Any CPU
		{C0D1DE7D-4864-4DF1-9107-844003EDFD3B}.Debug|Any CPU.Build.0 = Debug|Any CPU
		{C0D1DE7D-4864-4DF1-9107-844003EDFD3B}.Release|Any CPU.ActiveCfg = Release|Any CPU
		{C0D1DE7D-4864-4DF1-9107-844003EDFD3B}.Release|Any CPU.Build.0 = Release|Any CPU
	EndGlobalSection
	GlobalSection(SolutionProperties) = preSolution
		HideSolutionNode = FALSE
	EndGlobalSection
	GlobalSection(ExtensibilityGlobals) = postSolution
		SolutionGuid = {7372E637-D162-44B4-9D28-40FE7837895D}
	EndGlobalSection
EndGlobal
