
Microsoft Visual Studio Solution File, Format Version 12.00
# Visual Studio 15
VisualStudioVersion = 15.0.28307.168
MinimumVisualStudioVersion = 10.0.40219.1
Project("{FAE04EC0-301F-11D3-BF4B-00C04F79EFBC}") = "TestTask3", "TestTask3\TestTask3.csproj", "{CC1EA6AD-0D6E-4594-82A9-192AB973D43F}"
EndProject
Project("{FAE04EC0-301F-11D3-BF4B-00C04F79EFBC}") = "UnitTestProject1", "UnitTestProject1\UnitTestProject1.csproj", "{1E64D500-0680-4660-AE67-D788F02D7F07}"
EndProject
Global
	GlobalSection(SolutionConfigurationPlatforms) = preSolution
		Debug|Any CPU = Debug|Any CPU
		Release|Any CPU = Release|Any CPU
	EndGlobalSection
	GlobalSection(ProjectConfigurationPlatforms) = postSolution
		{CC1EA6AD-0D6E-4594-82A9-192AB973D43F}.Debug|Any CPU.ActiveCfg = Debug|Any CPU
		{CC1EA6AD-0D6E-4594-82A9-192AB973D43F}.Debug|Any CPU.Build.0 = Debug|Any CPU
		{CC1EA6AD-0D6E-4594-82A9-192AB973D43F}.Release|Any CPU.ActiveCfg = Release|Any CPU
		{CC1EA6AD-0D6E-4594-82A9-192AB973D43F}.Release|Any CPU.Build.0 = Release|Any CPU
		{1E64D500-0680-4660-AE67-D788F02D7F07}.Debug|Any CPU.ActiveCfg = Debug|Any CPU
		{1E64D500-0680-4660-AE67-D788F02D7F07}.Debug|Any CPU.Build.0 = Debug|Any CPU
		{1E64D500-0680-4660-AE67-D788F02D7F07}.Release|Any CPU.ActiveCfg = Release|Any CPU
		{1E64D500-0680-4660-AE67-D788F02D7F07}.Release|Any CPU.Build.0 = Release|Any CPU
	EndGlobalSection
	GlobalSection(SolutionProperties) = preSolution
		HideSolutionNode = FALSE
	EndGlobalSection
	GlobalSection(ExtensibilityGlobals) = postSolution
		SolutionGuid = {8CA5D673-C8C5-4441-B91E-9D402C5493D3}
	EndGlobalSection
EndGlobal
